
Microsoft Visual Studio Solution File, Format Version 12.00
# Visual Studio 2013
VisualStudioVersion = 12.0.31101.0
MinimumVisualStudioVersion = 10.0.40219.1
Project("{FAE04EC0-301F-11D3-BF4B-00C04F79EFBC}") = "JieYiGuang.Web", "JieYiGuang.Web\JieYiGuang.Web.csproj", "{E573EF0A-9FAC-4499-A353-09D1835214BD}"
EndProject
Project("{2150E333-8FDC-42A3-9474-1A3956D46DE8}") = "Libraries", "Libraries", "{922215F6-ADF8-4C56-8DB2-E598CB233549}"
EndProject
Project("{FAE04EC0-301F-11D3-BF4B-00C04F79EFBC}") = "JieYiGuang.Model", "JieYiGuang.Model\JieYiGuang.Model.csproj", "{C6A683F0-F114-4080-BBDA-0008BBB2DF97}"
EndProject
Project("{2150E333-8FDC-42A3-9474-1A3956D46DE8}") = "Dao", "Dao", "{5AC6D16F-2C4B-4473-97F4-B14001706907}"
EndProject
Project("{FAE04EC0-301F-11D3-BF4B-00C04F79EFBC}") = "JieYiGuang.IDao", "JieYiGuang.IDao\JieYiGuang.IDao.csproj", "{51D9E97C-6EE3-440F-93EF-B7257FC33B7C}"
EndProject
Project("{FAE04EC0-301F-11D3-BF4B-00C04F79EFBC}") = "JieYiGuang.Dao", "JieYiGuang.Dao\JieYiGuang.Dao.csproj", "{6A8E5E34-638C-41AE-AA22-9A3BE7A385D1}"
EndProject
Project("{FAE04EC0-301F-11D3-BF4B-00C04F79EFBC}") = "JieYiGuang.Common", "JieYiGuang.Common\JieYiGuang.Common.csproj", "{7AEBC926-B6DB-4BCE-8485-C3A766398A1B}"
EndProject
Project("{2150E333-8FDC-42A3-9474-1A3956D46DE8}") = "BLL", "BLL", "{AEA6CF62-E37E-4B8E-AB36-41A2EF4121A4}"
EndProject
Project("{FAE04EC0-301F-11D3-BF4B-00C04F79EFBC}") = "JieYiGuang.BLL", "JieYiGuang.BLL\JieYiGuang.BLL.csproj", "{DCD0803D-64CD-43C8-A463-F7BB49E28F3A}"
EndProject
Project("{FAE04EC0-301F-11D3-BF4B-00C04F79EFBC}") = "JieYiGuang.IBLL", "JieYiGuang.IBLL\JieYiGuang.IBLL.csproj", "{D7437EA6-7FA5-4136-A5D3-390FA1D3526F}"
EndProject
Project("{FAE04EC0-301F-11D3-BF4B-00C04F79EFBC}") = "JieYiGuang.Web.UI", "JieYiGuang.Web.UI\JieYiGuang.Web.UI.csproj", "{4BBFD66B-650E-4A3C-BCE5-4E4BCAC58414}"
EndProject
Global
	GlobalSection(SolutionConfigurationPlatforms) = preSolution
		Debug|Any CPU = Debug|Any CPU
		Release|Any CPU = Release|Any CPU
	EndGlobalSection
	GlobalSection(ProjectConfigurationPlatforms) = postSolution
		{E573EF0A-9FAC-4499-A353-09D1835214BD}.Debug|Any CPU.ActiveCfg = Debug|Any CPU
		{E573EF0A-9FAC-4499-A353-09D1835214BD}.Debug|Any CPU.Build.0 = Debug|Any CPU
		{E573EF0A-9FAC-4499-A353-09D1835214BD}.Release|Any CPU.ActiveCfg = Release|Any CPU
		{E573EF0A-9FAC-4499-A353-09D1835214BD}.Release|Any CPU.Build.0 = Release|Any CPU
		{C6A683F0-F114-4080-BBDA-0008BBB2DF97}.Debug|Any CPU.ActiveCfg = Debug|Any CPU
		{C6A683F0-F114-4080-BBDA-0008BBB2DF97}.Debug|Any CPU.Build.0 = Debug|Any CPU
		{C6A683F0-F114-4080-BBDA-0008BBB2DF97}.Release|Any CPU.ActiveCfg = Release|Any CPU
		{C6A683F0-F114-4080-BBDA-0008BBB2DF97}.Release|Any CPU.Build.0 = Release|Any CPU
		{51D9E97C-6EE3-440F-93EF-B7257FC33B7C}.Debug|Any CPU.ActiveCfg = Debug|Any CPU
		{51D9E97C-6EE3-440F-93EF-B7257FC33B7C}.Debug|Any CPU.Build.0 = Debug|Any CPU
		{51D9E97C-6EE3-440F-93EF-B7257FC33B7C}.Release|Any CPU.ActiveCfg = Release|Any CPU
		{51D9E97C-6EE3-440F-93EF-B7257FC33B7C}.Release|Any CPU.Build.0 = Release|Any CPU
		{6A8E5E34-638C-41AE-AA22-9A3BE7A385D1}.Debug|Any CPU.ActiveCfg = Debug|Any CPU
		{6A8E5E34-638C-41AE-AA22-9A3BE7A385D1}.Debug|Any CPU.Build.0 = Debug|Any CPU
		{6A8E5E34-638C-41AE-AA22-9A3BE7A385D1}.Release|Any CPU.ActiveCfg = Release|Any CPU
		{6A8E5E34-638C-41AE-AA22-9A3BE7A385D1}.Release|Any CPU.Build.0 = Release|Any CPU
		{7AEBC926-B6DB-4BCE-8485-C3A766398A1B}.Debug|Any CPU.ActiveCfg = Debug|Any CPU
		{7AEBC926-B6DB-4BCE-8485-C3A766398A1B}.Debug|Any CPU.Build.0 = Debug|Any CPU
		{7AEBC926-B6DB-4BCE-8485-C3A766398A1B}.Release|Any CPU.ActiveCfg = Release|Any CPU
		{7AEBC926-B6DB-4BCE-8485-C3A766398A1B}.Release|Any CPU.Build.0 = Release|Any CPU
		{DCD0803D-64CD-43C8-A463-F7BB49E28F3A}.Debug|Any CPU.ActiveCfg = Debug|Any CPU
		{DCD0803D-64CD-43C8-A463-F7BB49E28F3A}.Debug|Any CPU.Build.0 = Debug|Any CPU
		{DCD0803D-64CD-43C8-A463-F7BB49E28F3A}.Release|Any CPU.ActiveCfg = Release|Any CPU
		{DCD0803D-64CD-43C8-A463-F7BB49E28F3A}.Release|Any CPU.Build.0 = Release|Any CPU
		{D7437EA6-7FA5-4136-A5D3-390FA1D3526F}.Debug|Any CPU.ActiveCfg = Debug|Any CPU
		{D7437EA6-7FA5-4136-A5D3-390FA1D3526F}.Debug|Any CPU.Build.0 = Debug|Any CPU
		{D7437EA6-7FA5-4136-A5D3-390FA1D3526F}.Release|Any CPU.ActiveCfg = Release|Any CPU
		{D7437EA6-7FA5-4136-A5D3-390FA1D3526F}.Release|Any CPU.Build.0 = Release|Any CPU
		{4BBFD66B-650E-4A3C-BCE5-4E4BCAC58414}.Debug|Any CPU.ActiveCfg = Debug|Any CPU
		{4BBFD66B-650E-4A3C-BCE5-4E4BCAC58414}.Debug|Any CPU.Build.0 = Debug|Any CPU
		{4BBFD66B-650E-4A3C-BCE5-4E4BCAC58414}.Release|Any CPU.ActiveCfg = Release|Any CPU
		{4BBFD66B-650E-4A3C-BCE5-4E4BCAC58414}.Release|Any CPU.Build.0 = Release|Any CPU
	EndGlobalSection
	GlobalSection(SolutionProperties) = preSolution
		HideSolutionNode = FALSE
	EndGlobalSection
	GlobalSection(NestedProjects) = preSolution
		{C6A683F0-F114-4080-BBDA-0008BBB2DF97} = {922215F6-ADF8-4C56-8DB2-E598CB233549}
		{51D9E97C-6EE3-440F-93EF-B7257FC33B7C} = {5AC6D16F-2C4B-4473-97F4-B14001706907}
		{6A8E5E34-638C-41AE-AA22-9A3BE7A385D1} = {5AC6D16F-2C4B-4473-97F4-B14001706907}
		{7AEBC926-B6DB-4BCE-8485-C3A766398A1B} = {922215F6-ADF8-4C56-8DB2-E598CB233549}
		{DCD0803D-64CD-43C8-A463-F7BB49E28F3A} = {AEA6CF62-E37E-4B8E-AB36-41A2EF4121A4}
		{D7437EA6-7FA5-4136-A5D3-390FA1D3526F} = {AEA6CF62-E37E-4B8E-AB36-41A2EF4121A4}
		{4BBFD66B-650E-4A3C-BCE5-4E4BCAC58414} = {922215F6-ADF8-4C56-8DB2-E598CB233549}
	EndGlobalSection
EndGlobal
